// !$*UTF8*$!
{
	archiveVersion = 1;
	classes = {
	};
	objectVersion = 60;
	objects = {

/* Begin PBXBuildFile section */
		5E73CEDB2C500BF30088870F /* OneParagraphTextResponse.json in Resources */ = {isa = PBXBuildFile; fileRef = 5E73CEDA2C500BF30088870F /* OneParagraphTextResponse.json */; };
		5EA445EF2C4C32A300315F14 /* LoremIpsumApp.swift in Sources */ = {isa = PBXBuildFile; fileRef = 5EA445EE2C4C32A300315F14 /* LoremIpsumApp.swift */; };
		5EA445F32C4C32A500315F14 /* Assets.xcassets in Resources */ = {isa = PBXBuildFile; fileRef = 5EA445F22C4C32A500315F14 /* Assets.xcassets */; };
		5EA445F62C4C32A500315F14 /* Preview Assets.xcassets in Resources */ = {isa = PBXBuildFile; fileRef = 5EA445F52C4C32A500315F14 /* Preview Assets.xcassets */; };
		5EA4461D2C4C460600315F14 /* LoremIpsumGeneratorViewModelTest.swift in Sources */ = {isa = PBXBuildFile; fileRef = 5EA4461C2C4C460600315F14 /* LoremIpsumGeneratorViewModelTest.swift */; };
		5EB8E6582C4D9F100051D51E /* LoremIpsumLib in Frameworks */ = {isa = PBXBuildFile; productRef = 5EB8E6572C4D9F100051D51E /* LoremIpsumLib */; };
/* End PBXBuildFile section */

/* Begin PBXContainerItemProxy section */
		5EA445FC2C4C32A600315F14 /* PBXContainerItemProxy */ = {
			isa = PBXContainerItemProxy;
			containerPortal = 5EA445E32C4C32A300315F14 /* Project object */;
			proxyType = 1;
			remoteGlobalIDString = 5EA445EA2C4C32A300315F14;
			remoteInfo = LoremIpsum;
		};
/* End PBXContainerItemProxy section */

/* Begin PBXFileReference section */
		5E5D00942C4CD70600A5A697 /* LoremIpsumLib */ = {isa = PBXFileReference; lastKnownFileType = wrapper; name = LoremIpsumLib; path = ../../LoremIpsumLib; sourceTree = "<group>"; };
		5E73CEDA2C500BF30088870F /* OneParagraphTextResponse.json */ = {isa = PBXFileReference; explicitFileType = text.json; path = OneParagraphTextResponse.json; sourceTree = "<group>"; };
		5EA445EB2C4C32A300315F14 /* LoremIpsum.app */ = {isa = PBXFileReference; explicitFileType = wrapper.application; includeInIndex = 0; path = LoremIpsum.app; sourceTree = BUILT_PRODUCTS_DIR; };
		5EA445EE2C4C32A300315F14 /* LoremIpsumApp.swift */ = {isa = PBXFileReference; lastKnownFileType = sourcecode.swift; path = LoremIpsumApp.swift; sourceTree = "<group>"; };
		5EA445F22C4C32A500315F14 /* Assets.xcassets */ = {isa = PBXFileReference; lastKnownFileType = folder.assetcatalog; path = Assets.xcassets; sourceTree = "<group>"; };
		5EA445F52C4C32A500315F14 /* Preview Assets.xcassets */ = {isa = PBXFileReference; lastKnownFileType = folder.assetcatalog; path = "Preview Assets.xcassets"; sourceTree = "<group>"; };
		5EA445FB2C4C32A600315F14 /* LoremIpsumTests.xctest */ = {isa = PBXFileReference; explicitFileType = wrapper.cfbundle; includeInIndex = 0; path = LoremIpsumTests.xctest; sourceTree = BUILT_PRODUCTS_DIR; };
		5EA4461C2C4C460600315F14 /* LoremIpsumGeneratorViewModelTest.swift */ = {isa = PBXFileReference; lastKnownFileType = sourcecode.swift; path = LoremIpsumGeneratorViewModelTest.swift; sourceTree = "<group>"; };
/* End PBXFileReference section */

/* Begin PBXFrameworksBuildPhase section */
		5EA445E82C4C32A300315F14 /* Frameworks */ = {
			isa = PBXFrameworksBuildPhase;
			buildActionMask = 2147483647;
			files = (
			);
			runOnlyForDeploymentPostprocessing = 0;
		};
		5EA445F82C4C32A600315F14 /* Frameworks */ = {
			isa = PBXFrameworksBuildPhase;
			buildActionMask = 2147483647;
			files = (
				5EB8E6582C4D9F100051D51E /* LoremIpsumLib in Frameworks */,
			);
			runOnlyForDeploymentPostprocessing = 0;
		};
/* End PBXFrameworksBuildPhase section */

/* Begin PBXGroup section */
		5EA445E22C4C32A300315F14 = {
			isa = PBXGroup;
			children = (
				5E5D00942C4CD70600A5A697 /* LoremIpsumLib */,
				5EA445ED2C4C32A300315F14 /* LoremIpsum */,
				5EA445FE2C4C32A600315F14 /* LoremIpsumTests */,
				5EA445EC2C4C32A300315F14 /* Products */,
				5EB8E6592C4DA00A0051D51E /* Frameworks */,
			);
			sourceTree = "<group>";
		};
		5EA445EC2C4C32A300315F14 /* Products */ = {
			isa = PBXGroup;
			children = (
				5EA445EB2C4C32A300315F14 /* LoremIpsum.app */,
				5EA445FB2C4C32A600315F14 /* LoremIpsumTests.xctest */,
			);
			name = Products;
			sourceTree = "<group>";
		};
		5EA445ED2C4C32A300315F14 /* LoremIpsum */ = {
			isa = PBXGroup;
			children = (
				5EA445EE2C4C32A300315F14 /* LoremIpsumApp.swift */,
				5EA445F22C4C32A500315F14 /* Assets.xcassets */,
				5EA445F42C4C32A500315F14 /* Preview Content */,
			);
			path = LoremIpsum;
			sourceTree = "<group>";
		};
		5EA445F42C4C32A500315F14 /* Preview Content */ = {
			isa = PBXGroup;
			children = (
				5EA445F52C4C32A500315F14 /* Preview Assets.xcassets */,
			);
			path = "Preview Content";
			sourceTree = "<group>";
		};
		5EA445FE2C4C32A600315F14 /* LoremIpsumTests */ = {
			isa = PBXGroup;
			children = (
				5EA4461C2C4C460600315F14 /* LoremIpsumGeneratorViewModelTest.swift */,
				5E73CEDA2C500BF30088870F /* OneParagraphTextResponse.json */,
			);
			path = LoremIpsumTests;
			sourceTree = "<group>";
		};
		5EB8E6592C4DA00A0051D51E /* Frameworks */ = {
			isa = PBXGroup;
			children = (
			);
			name = Frameworks;
			sourceTree = "<group>";
		};
/* End PBXGroup section */

/* Begin PBXNativeTarget section */
		5EA445EA2C4C32A300315F14 /* LoremIpsum */ = {
			isa = PBXNativeTarget;
			buildConfigurationList = 5EA4460F2C4C32A600315F14 /* Build configuration list for PBXNativeTarget "LoremIpsum" */;
			buildPhases = (
				5EA445E72C4C32A300315F14 /* Sources */,
				5EA445E82C4C32A300315F14 /* Frameworks */,
				5EA445E92C4C32A300315F14 /* Resources */,
			);
			buildRules = (
			);
			dependencies = (
			);
			name = LoremIpsum;
			packageProductDependencies = (
			);
			productName = LoremIpsum;
			productReference = 5EA445EB2C4C32A300315F14 /* LoremIpsum.app */;
			productType = "com.apple.product-type.application";
		};
		5EA445FA2C4C32A600315F14 /* LoremIpsumTests */ = {
			isa = PBXNativeTarget;
			buildConfigurationList = 5EA446122C4C32A600315F14 /* Build configuration list for PBXNativeTarget "LoremIpsumTests" */;
			buildPhases = (
				5EA445F72C4C32A600315F14 /* Sources */,
				5EA445F82C4C32A600315F14 /* Frameworks */,
				5EA445F92C4C32A600315F14 /* Resources */,
			);
			buildRules = (
			);
			dependencies = (
				5EA445FD2C4C32A600315F14 /* PBXTargetDependency */,
			);
			name = LoremIpsumTests;
			packageProductDependencies = (
				5EB8E6572C4D9F100051D51E /* LoremIpsumLib */,
			);
			productName = LoremIpsumTests;
			productReference = 5EA445FB2C4C32A600315F14 /* LoremIpsumTests.xctest */;
			productType = "com.apple.product-type.bundle.unit-test";
		};
/* End PBXNativeTarget section */

/* Begin PBXProject section */
		5EA445E32C4C32A300315F14 /* Project object */ = {
			isa = PBXProject;
			attributes = {
				BuildIndependentTargetsInParallel = 1;
				LastSwiftUpdateCheck = 1540;
				LastUpgradeCheck = 1540;
				TargetAttributes = {
					5EA445EA2C4C32A300315F14 = {
						CreatedOnToolsVersion = 15.4;
					};
					5EA445FA2C4C32A600315F14 = {
						CreatedOnToolsVersion = 15.4;
						LastSwiftMigration = 1540;
						TestTargetID = 5EA445EA2C4C32A300315F14;
					};
				};
			};
			buildConfigurationList = 5EA445E62C4C32A300315F14 /* Build configuration list for PBXProject "LoremIpsum" */;
			compatibilityVersion = "Xcode 14.0";
			developmentRegion = en;
			hasScannedForEncodings = 0;
			knownRegions = (
				en,
				Base,
			);
			mainGroup = 5EA445E22C4C32A300315F14;
			packageReferences = (
				5EB8E6562C4D9F100051D51E /* XCLocalSwiftPackageReference "../../LoremIpsumLib" */,
			);
			productRefGroup = 5EA445EC2C4C32A300315F14 /* Products */;
			projectDirPath = "";
			projectRoot = "";
			targets = (
				5EA445EA2C4C32A300315F14 /* LoremIpsum */,
				5EA445FA2C4C32A600315F14 /* LoremIpsumTests */,
			);
		};
/* End PBXProject section */

/* Begin PBXResourcesBuildPhase section */
		5EA445E92C4C32A300315F14 /* Resources */ = {
			isa = PBXResourcesBuildPhase;
			buildActionMask = 2147483647;
			files = (
				5EA445F62C4C32A500315F14 /* Preview Assets.xcassets in Resources */,
				5EA445F32C4C32A500315F14 /* Assets.xcassets in Resources */,
			);
			runOnlyForDeploymentPostprocessing = 0;
		};
		5EA445F92C4C32A600315F14 /* Resources */ = {
			isa = PBXResourcesBuildPhase;
			buildActionMask = 2147483647;
			files = (
				5E73CEDB2C500BF30088870F /* OneParagraphTextResponse.json in Resources */,
			);
			runOnlyForDeploymentPostprocessing = 0;
		};
/* End PBXResourcesBuildPhase section */

/* Begin PBXSourcesBuildPhase section */
		5EA445E72C4C32A300315F14 /* Sources */ = {
			isa = PBXSourcesBuildPhase;
			buildActionMask = 2147483647;
			files = (
				5EA445EF2C4C32A300315F14 /* LoremIpsumApp.swift in Sources */,
			);
			runOnlyForDeploymentPostprocessing = 0;
		};
		5EA445F72C4C32A600315F14 /* Sources */ = {
			isa = PBXSourcesBuildPhase;
			buildActionMask = 2147483647;
			files = (
				5EA4461D2C4C460600315F14 /* LoremIpsumGeneratorViewModelTest.swift in Sources */,
			);
			runOnlyForDeploymentPostprocessing = 0;
		};
/* End PBXSourcesBuildPhase section */

/* Begin PBXTargetDependency section */
		5EA445FD2C4C32A600315F14 /* PBXTargetDependency */ = {
			isa = PBXTargetDependency;
			target = 5EA445EA2C4C32A300315F14 /* LoremIpsum */;
			targetProxy = 5EA445FC2C4C32A600315F14 /* PBXContainerItemProxy */;
		};
/* End PBXTargetDependency section */

/* Begin XCBuildConfiguration section */
		5EA4460D2C4C32A600315F14 /* Debug */ = {
			isa = XCBuildConfiguration;
			buildSettings = {
				ALWAYS_SEARCH_USER_PATHS = NO;
				ASSETCATALOG_COMPILER_GENERATE_SWIFT_ASSET_SYMBOL_EXTENSIONS = YES;
				CLANG_ANALYZER_NONNULL = YES;
				CLANG_ANALYZER_NUMBER_OBJECT_CONVERSION = YES_AGGRESSIVE;
				CLANG_CXX_LANGUAGE_STANDARD = "gnu++20";
				CLANG_ENABLE_MODULES = YES;
				CLANG_ENABLE_OBJC_ARC = YES;
				CLANG_ENABLE_OBJC_WEAK = YES;
				CLANG_WARN_BLOCK_CAPTURE_AUTORELEASING = YES;
				CLANG_WARN_BOOL_CONVERSION = YES;
				CLANG_WARN_COMMA = YES;
				CLANG_WARN_CONSTANT_CONVERSION = YES;
				CLANG_WARN_DEPRECATED_OBJC_IMPLEMENTATIONS = YES;
				CLANG_WARN_DIRECT_OBJC_ISA_USAGE = YES_ERROR;
				CLANG_WARN_DOCUMENTATION_COMMENTS = YES;
				CLANG_WARN_EMPTY_BODY = YES;
				CLANG_WARN_ENUM_CONVERSION = YES;
				CLANG_WARN_INFINITE_RECURSION = YES;
				CLANG_WARN_INT_CONVERSION = YES;
				CLANG_WARN_NON_LITERAL_NULL_CONVERSION = YES;
				CLANG_WARN_OBJC_IMPLICIT_RETAIN_SELF = YES;
				CLANG_WARN_OBJC_LITERAL_CONVERSION = YES;
				CLANG_WARN_OBJC_ROOT_CLASS = YES_ERROR;
				CLANG_WARN_QUOTED_INCLUDE_IN_FRAMEWORK_HEADER = YES;
				CLANG_WARN_RANGE_LOOP_ANALYSIS = YES;
				CLANG_WARN_STRICT_PROTOTYPES = YES;
				CLANG_WARN_SUSPICIOUS_MOVE = YES;
				CLANG_WARN_UNGUARDED_AVAILABILITY = YES_AGGRESSIVE;
				CLANG_WARN_UNREACHABLE_CODE = YES;
				CLANG_WARN__DUPLICATE_METHOD_MATCH = YES;
				COPY_PHASE_STRIP = NO;
				DEBUG_INFORMATION_FORMAT = dwarf;
				ENABLE_STRICT_OBJC_MSGSEND = YES;
				ENABLE_TESTABILITY = YES;
				ENABLE_USER_SCRIPT_SANDBOXING = YES;
				GCC_C_LANGUAGE_STANDARD = gnu17;
				GCC_DYNAMIC_NO_PIC = NO;
				GCC_NO_COMMON_BLOCKS = YES;
				GCC_OPTIMIZATION_LEVEL = 0;
				GCC_PREPROCESSOR_DEFINITIONS = (
					"DEBUG=1",
					"$(inherited)",
				);
				GCC_WARN_64_TO_32_BIT_CONVERSION = YES;
				GCC_WARN_ABOUT_RETURN_TYPE = YES_ERROR;
				GCC_WARN_UNDECLARED_SELECTOR = YES;
				GCC_WARN_UNINITIALIZED_AUTOS = YES_AGGRESSIVE;
				GCC_WARN_UNUSED_FUNCTION = YES;
				GCC_WARN_UNUSED_VARIABLE = YES;
				IPHONEOS_DEPLOYMENT_TARGET = 17.5;
				LOCALIZATION_PREFERS_STRING_CATALOGS = YES;
				MTL_ENABLE_DEBUG_INFO = INCLUDE_SOURCE;
				MTL_FAST_MATH = YES;
				ONLY_ACTIVE_ARCH = YES;
				SDKROOT = iphoneos;
				SWIFT_ACTIVE_COMPILATION_CONDITIONS = "DEBUG $(inherited)";
				SWIFT_OPTIMIZATION_LEVEL = "-Onone";
			};
			name = Debug;
		};
		5EA4460E2C4C32A600315F14 /* Release */ = {
			isa = XCBuildConfiguration;
			buildSettings = {
				ALWAYS_SEARCH_USER_PATHS = NO;
				ASSETCATALOG_COMPILER_GENERATE_SWIFT_ASSET_SYMBOL_EXTENSIONS = YES;
				CLANG_ANALYZER_NONNULL = YES;
				CLANG_ANALYZER_NUMBER_OBJECT_CONVERSION = YES_AGGRESSIVE;
				CLANG_CXX_LANGUAGE_STANDARD = "gnu++20";
				CLANG_ENABLE_MODULES = YES;
				CLANG_ENABLE_OBJC_ARC = YES;
				CLANG_ENABLE_OBJC_WEAK = YES;
				CLANG_WARN_BLOCK_CAPTURE_AUTORELEASING = YES;
				CLANG_WARN_BOOL_CONVERSION = YES;
				CLANG_WARN_COMMA = YES;
				CLANG_WARN_CONSTANT_CONVERSION = YES;
				CLANG_WARN_DEPRECATED_OBJC_IMPLEMENTATIONS = YES;
				CLANG_WARN_DIRECT_OBJC_ISA_USAGE = YES_ERROR;
				CLANG_WARN_DOCUMENTATION_COMMENTS = YES;
				CLANG_WARN_EMPTY_BODY = YES;
				CLANG_WARN_ENUM_CONVERSION = YES;
				CLANG_WARN_INFINITE_RECURSION = YES;
				CLANG_WARN_INT_CONVERSION = YES;
				CLANG_WARN_NON_LITERAL_NULL_CONVERSION = YES;
				CLANG_WARN_OBJC_IMPLICIT_RETAIN_SELF = YES;
				CLANG_WARN_OBJC_LITERAL_CONVERSION = YES;
				CLANG_WARN_OBJC_ROOT_CLASS = YES_ERROR;
				CLANG_WARN_QUOTED_INCLUDE_IN_FRAMEWORK_HEADER = YES;
				CLANG_WARN_RANGE_LOOP_ANALYSIS = YES;
				CLANG_WARN_STRICT_PROTOTYPES = YES;
				CLANG_WARN_SUSPICIOUS_MOVE = YES;
				CLANG_WARN_UNGUARDED_AVAILABILITY = YES_AGGRESSIVE;
				CLANG_WARN_UNREACHABLE_CODE = YES;
				CLANG_WARN__DUPLICATE_METHOD_MATCH = YES;
				COPY_PHASE_STRIP = NO;
				DEBUG_INFORMATION_FORMAT = "dwarf-with-dsym";
				ENABLE_NS_ASSERTIONS = NO;
				ENABLE_STRICT_OBJC_MSGSEND = YES;
				ENABLE_USER_SCRIPT_SANDBOXING = YES;
				GCC_C_LANGUAGE_STANDARD = gnu17;
				GCC_NO_COMMON_BLOCKS = YES;
				GCC_WARN_64_TO_32_BIT_CONVERSION = YES;
				GCC_WARN_ABOUT_RETURN_TYPE = YES_ERROR;
				GCC_WARN_UNDECLARED_SELECTOR = YES;
				GCC_WARN_UNINITIALIZED_AUTOS = YES_AGGRESSIVE;
				GCC_WARN_UNUSED_FUNCTION = YES;
				GCC_WARN_UNUSED_VARIABLE = YES;
				IPHONEOS_DEPLOYMENT_TARGET = 17.5;
				LOCALIZATION_PREFERS_STRING_CATALOGS = YES;
				MTL_ENABLE_DEBUG_INFO = NO;
				MTL_FAST_MATH = YES;
				SDKROOT = iphoneos;
				SWIFT_COMPILATION_MODE = wholemodule;
				VALIDATE_PRODUCT = YES;
			};
			name = Release;
		};
		5EA446102C4C32A600315F14 /* Debug */ = {
			isa = XCBuildConfiguration;
			buildSettings = {
				ASSETCATALOG_COMPILER_APPICON_NAME = AppIcon;
				ASSETCATALOG_COMPILER_GLOBAL_ACCENT_COLOR_NAME = AccentColor;
				CODE_SIGN_STYLE = Automatic;
				CURRENT_PROJECT_VERSION = 1;
				DEVELOPMENT_ASSET_PATHS = "\"LoremIpsum/Preview Content\"";
				DEVELOPMENT_TEAM = 75KSF446RQ;
				ENABLE_PREVIEWS = YES;
				GENERATE_INFOPLIST_FILE = YES;
				INFOPLIST_KEY_UIApplicationSceneManifest_Generation = YES;
				INFOPLIST_KEY_UIApplicationSupportsIndirectInputEvents = YES;
				INFOPLIST_KEY_UILaunchScreen_Generation = YES;
				INFOPLIST_KEY_UISupportedInterfaceOrientations_iPad = "UIInterfaceOrientationPortrait UIInterfaceOrientationPortraitUpsideDown UIInterfaceOrientationLandscapeLeft UIInterfaceOrientationLandscapeRight";
				INFOPLIST_KEY_UISupportedInterfaceOrientations_iPhone = "UIInterfaceOrientationPortrait UIInterfaceOrientationLandscapeLeft UIInterfaceOrientationLandscapeRight";
				LD_RUNPATH_SEARCH_PATHS = (
					"$(inherited)",
					"@executable_path/Frameworks",
				);
				MARKETING_VERSION = 1.0;
				PRODUCT_BUNDLE_IDENTIFIER = "com.albert-pangestu.LoremIpsum";
				PRODUCT_NAME = "$(TARGET_NAME)";
				SWIFT_EMIT_LOC_STRINGS = YES;
				SWIFT_VERSION = 5.0;
				TARGETED_DEVICE_FAMILY = "1,2";
			};
			name = Debug;
		};
		5EA446112C4C32A600315F14 /* Release */ = {
			isa = XCBuildConfiguration;
			buildSettings = {
				ASSETCATALOG_COMPILER_APPICON_NAME = AppIcon;
				ASSETCATALOG_COMPILER_GLOBAL_ACCENT_COLOR_NAME = AccentColor;
				CODE_SIGN_STYLE = Automatic;
				CURRENT_PROJECT_VERSION = 1;
				DEVELOPMENT_ASSET_PATHS = "\"LoremIpsum/Preview Content\"";
				DEVELOPMENT_TEAM = 75KSF446RQ;
				ENABLE_PREVIEWS = YES;
				GENERATE_INFOPLIST_FILE = YES;
				INFOPLIST_KEY_UIApplicationSceneManifest_Generation = YES;
				INFOPLIST_KEY_UIApplicationSupportsIndirectInputEvents = YES;
				INFOPLIST_KEY_UILaunchScreen_Generation = YES;
				INFOPLIST_KEY_UISupportedInterfaceOrientations_iPad = "UIInterfaceOrientationPortrait UIInterfaceOrientationPortraitUpsideDown UIInterfaceOrientationLandscapeLeft UIInterfaceOrientationLandscapeRight";
				INFOPLIST_KEY_UISupportedInterfaceOrientations_iPhone = "UIInterfaceOrientationPortrait UIInterfaceOrientationLandscapeLeft UIInterfaceOrientationLandscapeRight";
				LD_RUNPATH_SEARCH_PATHS = (
					"$(inherited)",
					"@executable_path/Frameworks",
				);
				MARKETING_VERSION = 1.0;
				PRODUCT_BUNDLE_IDENTIFIER = "com.albert-pangestu.LoremIpsum";
				PRODUCT_NAME = "$(TARGET_NAME)";
				SWIFT_EMIT_LOC_STRINGS = YES;
				SWIFT_VERSION = 5.0;
				TARGETED_DEVICE_FAMILY = "1,2";
			};
			name = Release;
		};
		5EA446132C4C32A600315F14 /* Debug */ = {
			isa = XCBuildConfiguration;
			buildSettings = {
				ALWAYS_EMBED_SWIFT_STANDARD_LIBRARIES = YES;
				BUNDLE_LOADER = "$(TEST_HOST)";
				CLANG_ENABLE_MODULES = YES;
				CODE_SIGN_STYLE = Automatic;
				CURRENT_PROJECT_VERSION = 1;
				DEVELOPMENT_TEAM = 75KSF446RQ;
				GENERATE_INFOPLIST_FILE = YES;
				IPHONEOS_DEPLOYMENT_TARGET = 17.5;
				MARKETING_VERSION = 1.0;
				PRODUCT_BUNDLE_IDENTIFIER = "com.albert-pangestu.LoremIpsumTests";
				PRODUCT_NAME = "$(TARGET_NAME)";
				SWIFT_EMIT_LOC_STRINGS = NO;
				SWIFT_OPTIMIZATION_LEVEL = "-Onone";
				SWIFT_VERSION = 5.0;
				TARGETED_DEVICE_FAMILY = "1,2";
				TEST_HOST = "$(BUILT_PRODUCTS_DIR)/LoremIpsum.app/$(BUNDLE_EXECUTABLE_FOLDER_PATH)/LoremIpsum";
			};
			name = Debug;
		};
		5EA446142C4C32A600315F14 /* Release */ = {
			isa = XCBuildConfiguration;
			buildSettings = {
				ALWAYS_EMBED_SWIFT_STANDARD_LIBRARIES = YES;
				BUNDLE_LOADER = "$(TEST_HOST)";
				CLANG_ENABLE_MODULES = YES;
				CODE_SIGN_STYLE = Automatic;
				CURRENT_PROJECT_VERSION = 1;
				DEVELOPMENT_TEAM = 75KSF446RQ;
				GENERATE_INFOPLIST_FILE = YES;
				IPHONEOS_DEPLOYMENT_TARGET = 17.5;
				MARKETING_VERSION = 1.0;
				PRODUCT_BUNDLE_IDENTIFIER = "com.albert-pangestu.LoremIpsumTests";
				PRODUCT_NAME = "$(TARGET_NAME)";
				SWIFT_EMIT_LOC_STRINGS = NO;
				SWIFT_VERSION = 5.0;
				TARGETED_DEVICE_FAMILY = "1,2";
				TEST_HOST = "$(BUILT_PRODUCTS_DIR)/LoremIpsum.app/$(BUNDLE_EXECUTABLE_FOLDER_PATH)/LoremIpsum";
			};
			name = Release;
		};
/* End XCBuildConfiguration section */

/* Begin XCConfigurationList section */
		5EA445E62C4C32A300315F14 /* Build configuration list for PBXProject "LoremIpsum" */ = {
			isa = XCConfigurationList;
			buildConfigurations = (
				5EA4460D2C4C32A600315F14 /* Debug */,
				5EA4460E2C4C32A600315F14 /* Release */,
			);
			defaultConfigurationIsVisible = 0;
			defaultConfigurationName = Release;
		};
		5EA4460F2C4C32A600315F14 /* Build configuration list for PBXNativeTarget "LoremIpsum" */ = {
			isa = XCConfigurationList;
			buildConfigurations = (
				5EA446102C4C32A600315F14 /* Debug */,
				5EA446112C4C32A600315F14 /* Release */,
			);
			defaultConfigurationIsVisible = 0;
			defaultConfigurationName = Release;
		};
		5EA446122C4C32A600315F14 /* Build configuration list for PBXNativeTarget "LoremIpsumTests" */ = {
			isa = XCConfigurationList;
			buildConfigurations = (
				5EA446132C4C32A600315F14 /* Debug */,
				5EA446142C4C32A600315F14 /* Release */,
			);
			defaultConfigurationIsVisible = 0;
			defaultConfigurationName = Release;
		};
/* End XCConfigurationList section */

/* Begin XCLocalSwiftPackageReference section */
		5EB8E6562C4D9F100051D51E /* XCLocalSwiftPackageReference "../../LoremIpsumLib" */ = {
			isa = XCLocalSwiftPackageReference;
			relativePath = ../../LoremIpsumLib;
		};
/* End XCLocalSwiftPackageReference section */

/* Begin XCSwiftPackageProductDependency section */
		5EB8E6572C4D9F100051D51E /* LoremIpsumLib */ = {
			isa = XCSwiftPackageProductDependency;
			productName = LoremIpsumLib;
		};
/* End XCSwiftPackageProductDependency section */
	};
	rootObject = 5EA445E32C4C32A300315F14 /* Project object */;
}
