// !$*UTF8*$!
{
	archiveVersion = 1;
	classes = {
	};
	objectVersion = 56;
	objects = {

/* Begin PBXBuildFile section */
		5E6A8AE22C4AE47C0003DCFD /* ThreeParagraphsTextResponse.json in Resources */ = {isa = PBXBuildFile; fileRef = 5E6A8AE12C4AE47C0003DCFD /* ThreeParagraphsTextResponse.json */; };
		5E82DE242C4A2D1A005ABE94 /* GenerateLoremIpsumUseCase.swift in Sources */ = {isa = PBXBuildFile; fileRef = 5E82DE232C4A2D1A005ABE94 /* GenerateLoremIpsumUseCase.swift */; };
		5E82DE272C4A2D4D005ABE94 /* GenerateLoremIpsumRepositoryInterface.swift in Sources */ = {isa = PBXBuildFile; fileRef = 5E82DE262C4A2D4D005ABE94 /* GenerateLoremIpsumRepositoryInterface.swift */; };
		5E82DE2A2C4A2D72005ABE94 /* TextResponse.swift in Sources */ = {isa = PBXBuildFile; fileRef = 5E82DE292C4A2D72005ABE94 /* TextResponse.swift */; };
		5E82DE2D2C4A2F5B005ABE94 /* RemoteGenerateLoremIpsumRepositoryTest.swift in Sources */ = {isa = PBXBuildFile; fileRef = 5E82DE2C2C4A2F5B005ABE94 /* RemoteGenerateLoremIpsumRepositoryTest.swift */; };
		5E9C4E812C4B0A3000B529B5 /* RemoteGenerateLoremIpsumRepository.swift in Sources */ = {isa = PBXBuildFile; fileRef = 5E9C4E802C4B0A3000B529B5 /* RemoteGenerateLoremIpsumRepository.swift */; };
		5E9C4E832C4B0A5F00B529B5 /* HTTPClientInterface.swift in Sources */ = {isa = PBXBuildFile; fileRef = 5E9C4E822C4B0A5F00B529B5 /* HTTPClientInterface.swift */; };
		5EF2FFF82C493EB8009CBF40 /* LoremIpsumGenerator.framework in Frameworks */ = {isa = PBXBuildFile; fileRef = 5EF2FFE62C493E2B009CBF40 /* LoremIpsumGenerator.framework */; platformFilters = (macos, ); };
		5EF2FFFF2C495770009CBF40 /* GenerateLoremIpsumUseCaseTest.swift in Sources */ = {isa = PBXBuildFile; fileRef = 5EF2FFFE2C495770009CBF40 /* GenerateLoremIpsumUseCaseTest.swift */; };
/* End PBXBuildFile section */

/* Begin PBXContainerItemProxy section */
		5EF2FFF92C493EB8009CBF40 /* PBXContainerItemProxy */ = {
			isa = PBXContainerItemProxy;
			containerPortal = 5EF2FFDD2C493E2B009CBF40 /* Project object */;
			proxyType = 1;
			remoteGlobalIDString = 5EF2FFE52C493E2B009CBF40;
			remoteInfo = LoremIpsumGenerator;
		};
/* End PBXContainerItemProxy section */

/* Begin PBXFileReference section */
		5E6A8AE12C4AE47C0003DCFD /* ThreeParagraphsTextResponse.json */ = {isa = PBXFileReference; lastKnownFileType = text.json; path = ThreeParagraphsTextResponse.json; sourceTree = "<group>"; };
		5E82DE232C4A2D1A005ABE94 /* GenerateLoremIpsumUseCase.swift */ = {isa = PBXFileReference; lastKnownFileType = sourcecode.swift; path = GenerateLoremIpsumUseCase.swift; sourceTree = "<group>"; };
		5E82DE262C4A2D4D005ABE94 /* GenerateLoremIpsumRepositoryInterface.swift */ = {isa = PBXFileReference; lastKnownFileType = sourcecode.swift; path = GenerateLoremIpsumRepositoryInterface.swift; sourceTree = "<group>"; };
		5E82DE292C4A2D72005ABE94 /* TextResponse.swift */ = {isa = PBXFileReference; lastKnownFileType = sourcecode.swift; path = TextResponse.swift; sourceTree = "<group>"; };
		5E82DE2C2C4A2F5B005ABE94 /* RemoteGenerateLoremIpsumRepositoryTest.swift */ = {isa = PBXFileReference; lastKnownFileType = sourcecode.swift; path = RemoteGenerateLoremIpsumRepositoryTest.swift; sourceTree = "<group>"; };
		5E9C4E802C4B0A3000B529B5 /* RemoteGenerateLoremIpsumRepository.swift */ = {isa = PBXFileReference; lastKnownFileType = sourcecode.swift; path = RemoteGenerateLoremIpsumRepository.swift; sourceTree = "<group>"; };
		5E9C4E822C4B0A5F00B529B5 /* HTTPClientInterface.swift */ = {isa = PBXFileReference; lastKnownFileType = sourcecode.swift; path = HTTPClientInterface.swift; sourceTree = "<group>"; };
		5EF2FFE62C493E2B009CBF40 /* LoremIpsumGenerator.framework */ = {isa = PBXFileReference; explicitFileType = wrapper.framework; includeInIndex = 0; path = LoremIpsumGenerator.framework; sourceTree = BUILT_PRODUCTS_DIR; };
		5EF2FFF42C493EB8009CBF40 /* LoremIpsumGeneratorTests.xctest */ = {isa = PBXFileReference; explicitFileType = wrapper.cfbundle; includeInIndex = 0; path = LoremIpsumGeneratorTests.xctest; sourceTree = BUILT_PRODUCTS_DIR; };
		5EF2FFFE2C495770009CBF40 /* GenerateLoremIpsumUseCaseTest.swift */ = {isa = PBXFileReference; lastKnownFileType = sourcecode.swift; path = GenerateLoremIpsumUseCaseTest.swift; sourceTree = "<group>"; };
/* End PBXFileReference section */

/* Begin PBXFrameworksBuildPhase section */
		5EF2FFE32C493E2B009CBF40 /* Frameworks */ = {
			isa = PBXFrameworksBuildPhase;
			buildActionMask = 2147483647;
			files = (
			);
			runOnlyForDeploymentPostprocessing = 0;
		};
		5EF2FFF12C493EB8009CBF40 /* Frameworks */ = {
			isa = PBXFrameworksBuildPhase;
			buildActionMask = 2147483647;
			files = (
				5EF2FFF82C493EB8009CBF40 /* LoremIpsumGenerator.framework in Frameworks */,
			);
			runOnlyForDeploymentPostprocessing = 0;
		};
/* End PBXFrameworksBuildPhase section */

/* Begin PBXGroup section */
		5E6A8AE02C4AE45B0003DCFD /* Data */ = {
			isa = PBXGroup;
			children = (
				5E6A8AE12C4AE47C0003DCFD /* ThreeParagraphsTextResponse.json */,
			);
			path = Data;
			sourceTree = "<group>";
		};
		5E82DE212C4A2CD5005ABE94 /* UseCase */ = {
			isa = PBXGroup;
			children = (
				5EF2FFFE2C495770009CBF40 /* GenerateLoremIpsumUseCaseTest.swift */,
			);
			path = UseCase;
			sourceTree = "<group>";
		};
		5E82DE222C4A2D06005ABE94 /* UseCase */ = {
			isa = PBXGroup;
			children = (
				5E82DE232C4A2D1A005ABE94 /* GenerateLoremIpsumUseCase.swift */,
			);
			path = UseCase;
			sourceTree = "<group>";
		};
		5E82DE252C4A2D37005ABE94 /* Repository */ = {
			isa = PBXGroup;
			children = (
				5E82DE262C4A2D4D005ABE94 /* GenerateLoremIpsumRepositoryInterface.swift */,
				5E9C4E802C4B0A3000B529B5 /* RemoteGenerateLoremIpsumRepository.swift */,
				5E9C4E822C4B0A5F00B529B5 /* HTTPClientInterface.swift */,
			);
			path = Repository;
			sourceTree = "<group>";
		};
		5E82DE282C4A2D62005ABE94 /* Response */ = {
			isa = PBXGroup;
			children = (
				5E82DE292C4A2D72005ABE94 /* TextResponse.swift */,
			);
			path = Response;
			sourceTree = "<group>";
		};
		5E82DE2B2C4A2F44005ABE94 /* Repository */ = {
			isa = PBXGroup;
			children = (
				5E82DE2C2C4A2F5B005ABE94 /* RemoteGenerateLoremIpsumRepositoryTest.swift */,
			);
			path = Repository;
			sourceTree = "<group>";
		};
		5EF2FFDC2C493E2B009CBF40 = {
			isa = PBXGroup;
			children = (
				5EF2FFE82C493E2B009CBF40 /* LoremIpsumGenerator */,
				5EF2FFF52C493EB8009CBF40 /* LoremIpsumGeneratorTests */,
				5EF2FFE72C493E2B009CBF40 /* Products */,
			);
			sourceTree = "<group>";
		};
		5EF2FFE72C493E2B009CBF40 /* Products */ = {
			isa = PBXGroup;
			children = (
				5EF2FFE62C493E2B009CBF40 /* LoremIpsumGenerator.framework */,
				5EF2FFF42C493EB8009CBF40 /* LoremIpsumGeneratorTests.xctest */,
			);
			name = Products;
			sourceTree = "<group>";
		};
		5EF2FFE82C493E2B009CBF40 /* LoremIpsumGenerator */ = {
			isa = PBXGroup;
			children = (
				5E82DE282C4A2D62005ABE94 /* Response */,
				5E82DE252C4A2D37005ABE94 /* Repository */,
				5E82DE222C4A2D06005ABE94 /* UseCase */,
			);
			path = LoremIpsumGenerator;
			sourceTree = "<group>";
		};
		5EF2FFF52C493EB8009CBF40 /* LoremIpsumGeneratorTests */ = {
			isa = PBXGroup;
			children = (
				5E6A8AE02C4AE45B0003DCFD /* Data */,
				5E82DE2B2C4A2F44005ABE94 /* Repository */,
				5E82DE212C4A2CD5005ABE94 /* UseCase */,
			);
			path = LoremIpsumGeneratorTests;
			sourceTree = "<group>";
		};
/* End PBXGroup section */

/* Begin PBXHeadersBuildPhase section */
		5EF2FFE12C493E2B009CBF40 /* Headers */ = {
			isa = PBXHeadersBuildPhase;
			buildActionMask = 2147483647;
			files = (
			);
			runOnlyForDeploymentPostprocessing = 0;
		};
/* End PBXHeadersBuildPhase section */

/* Begin PBXNativeTarget section */
		5EF2FFE52C493E2B009CBF40 /* LoremIpsumGenerator */ = {
			isa = PBXNativeTarget;
			buildConfigurationList = 5EF2FFED2C493E2B009CBF40 /* Build configuration list for PBXNativeTarget "LoremIpsumGenerator" */;
			buildPhases = (
				5EF2FFE12C493E2B009CBF40 /* Headers */,
				5EF2FFE22C493E2B009CBF40 /* Sources */,
				5EF2FFE32C493E2B009CBF40 /* Frameworks */,
				5EF2FFE42C493E2B009CBF40 /* Resources */,
			);
			buildRules = (
			);
			dependencies = (
			);
			name = LoremIpsumGenerator;
			productName = LoremIpsumGenerator;
			productReference = 5EF2FFE62C493E2B009CBF40 /* LoremIpsumGenerator.framework */;
			productType = "com.apple.product-type.framework";
		};
		5EF2FFF32C493EB8009CBF40 /* LoremIpsumGeneratorTests */ = {
			isa = PBXNativeTarget;
			buildConfigurationList = 5EF2FFFB2C493EB8009CBF40 /* Build configuration list for PBXNativeTarget "LoremIpsumGeneratorTests" */;
			buildPhases = (
				5EF2FFF02C493EB8009CBF40 /* Sources */,
				5EF2FFF12C493EB8009CBF40 /* Frameworks */,
				5EF2FFF22C493EB8009CBF40 /* Resources */,
			);
			buildRules = (
			);
			dependencies = (
				5EF2FFFA2C493EB8009CBF40 /* PBXTargetDependency */,
			);
			name = LoremIpsumGeneratorTests;
			productName = LoremIpsumGeneratorTests;
			productReference = 5EF2FFF42C493EB8009CBF40 /* LoremIpsumGeneratorTests.xctest */;
			productType = "com.apple.product-type.bundle.unit-test";
		};
/* End PBXNativeTarget section */

/* Begin PBXProject section */
		5EF2FFDD2C493E2B009CBF40 /* Project object */ = {
			isa = PBXProject;
			attributes = {
				BuildIndependentTargetsInParallel = 1;
				LastSwiftUpdateCheck = 1540;
				LastUpgradeCheck = 1540;
				TargetAttributes = {
					5EF2FFE52C493E2B009CBF40 = {
						CreatedOnToolsVersion = 15.4;
						LastSwiftMigration = 1540;
					};
					5EF2FFF32C493EB8009CBF40 = {
						CreatedOnToolsVersion = 15.4;
						LastSwiftMigration = 1540;
					};
				};
			};
			buildConfigurationList = 5EF2FFE02C493E2B009CBF40 /* Build configuration list for PBXProject "LoremIpsumGenerator" */;
			compatibilityVersion = "Xcode 14.0";
			developmentRegion = en;
			hasScannedForEncodings = 0;
			knownRegions = (
				en,
				Base,
			);
			mainGroup = 5EF2FFDC2C493E2B009CBF40;
			productRefGroup = 5EF2FFE72C493E2B009CBF40 /* Products */;
			projectDirPath = "";
			projectRoot = "";
			targets = (
				5EF2FFE52C493E2B009CBF40 /* LoremIpsumGenerator */,
				5EF2FFF32C493EB8009CBF40 /* LoremIpsumGeneratorTests */,
			);
		};
/* End PBXProject section */

/* Begin PBXResourcesBuildPhase section */
		5EF2FFE42C493E2B009CBF40 /* Resources */ = {
			isa = PBXResourcesBuildPhase;
			buildActionMask = 2147483647;
			files = (
			);
			runOnlyForDeploymentPostprocessing = 0;
		};
		5EF2FFF22C493EB8009CBF40 /* Resources */ = {
			isa = PBXResourcesBuildPhase;
			buildActionMask = 2147483647;
			files = (
				5E6A8AE22C4AE47C0003DCFD /* ThreeParagraphsTextResponse.json in Resources */,
			);
			runOnlyForDeploymentPostprocessing = 0;
		};
/* End PBXResourcesBuildPhase section */

/* Begin PBXSourcesBuildPhase section */
		5EF2FFE22C493E2B009CBF40 /* Sources */ = {
			isa = PBXSourcesBuildPhase;
			buildActionMask = 2147483647;
			files = (
				5E82DE242C4A2D1A005ABE94 /* GenerateLoremIpsumUseCase.swift in Sources */,
				5E9C4E832C4B0A5F00B529B5 /* HTTPClientInterface.swift in Sources */,
				5E82DE272C4A2D4D005ABE94 /* GenerateLoremIpsumRepositoryInterface.swift in Sources */,
				5E82DE2A2C4A2D72005ABE94 /* TextResponse.swift in Sources */,
				5E9C4E812C4B0A3000B529B5 /* RemoteGenerateLoremIpsumRepository.swift in Sources */,
			);
			runOnlyForDeploymentPostprocessing = 0;
		};
		5EF2FFF02C493EB8009CBF40 /* Sources */ = {
			isa = PBXSourcesBuildPhase;
			buildActionMask = 2147483647;
			files = (
				5EF2FFFF2C495770009CBF40 /* GenerateLoremIpsumUseCaseTest.swift in Sources */,
				5E82DE2D2C4A2F5B005ABE94 /* RemoteGenerateLoremIpsumRepositoryTest.swift in Sources */,
			);
			runOnlyForDeploymentPostprocessing = 0;
		};
/* End PBXSourcesBuildPhase section */

/* Begin PBXTargetDependency section */
		5EF2FFFA2C493EB8009CBF40 /* PBXTargetDependency */ = {
			isa = PBXTargetDependency;
			platformFilters = (
				macos,
			);
			target = 5EF2FFE52C493E2B009CBF40 /* LoremIpsumGenerator */;
			targetProxy = 5EF2FFF92C493EB8009CBF40 /* PBXContainerItemProxy */;
		};
/* End PBXTargetDependency section */

/* Begin XCBuildConfiguration section */
		5EF2FFEB2C493E2B009CBF40 /* Debug */ = {
			isa = XCBuildConfiguration;
			buildSettings = {
				ALWAYS_SEARCH_USER_PATHS = NO;
				ASSETCATALOG_COMPILER_GENERATE_SWIFT_ASSET_SYMBOL_EXTENSIONS = YES;
				CLANG_ANALYZER_NONNULL = YES;
				CLANG_ANALYZER_NUMBER_OBJECT_CONVERSION = YES_AGGRESSIVE;
				CLANG_CXX_LANGUAGE_STANDARD = "gnu++20";
				CLANG_ENABLE_MODULES = YES;
				CLANG_ENABLE_OBJC_ARC = YES;
				CLANG_ENABLE_OBJC_WEAK = YES;
				CLANG_WARN_BLOCK_CAPTURE_AUTORELEASING = YES;
				CLANG_WARN_BOOL_CONVERSION = YES;
				CLANG_WARN_COMMA = YES;
				CLANG_WARN_CONSTANT_CONVERSION = YES;
				CLANG_WARN_DEPRECATED_OBJC_IMPLEMENTATIONS = YES;
				CLANG_WARN_DIRECT_OBJC_ISA_USAGE = YES_ERROR;
				CLANG_WARN_DOCUMENTATION_COMMENTS = YES;
				CLANG_WARN_EMPTY_BODY = YES;
				CLANG_WARN_ENUM_CONVERSION = YES;
				CLANG_WARN_INFINITE_RECURSION = YES;
				CLANG_WARN_INT_CONVERSION = YES;
				CLANG_WARN_NON_LITERAL_NULL_CONVERSION = YES;
				CLANG_WARN_OBJC_IMPLICIT_RETAIN_SELF = YES;
				CLANG_WARN_OBJC_LITERAL_CONVERSION = YES;
				CLANG_WARN_OBJC_ROOT_CLASS = YES_ERROR;
				CLANG_WARN_QUOTED_INCLUDE_IN_FRAMEWORK_HEADER = YES;
				CLANG_WARN_RANGE_LOOP_ANALYSIS = YES;
				CLANG_WARN_STRICT_PROTOTYPES = YES;
				CLANG_WARN_SUSPICIOUS_MOVE = YES;
				CLANG_WARN_UNGUARDED_AVAILABILITY = YES_AGGRESSIVE;
				CLANG_WARN_UNREACHABLE_CODE = YES;
				CLANG_WARN__DUPLICATE_METHOD_MATCH = YES;
				COPY_PHASE_STRIP = NO;
				CURRENT_PROJECT_VERSION = 1;
				DEBUG_INFORMATION_FORMAT = dwarf;
				ENABLE_STRICT_OBJC_MSGSEND = YES;
				ENABLE_TESTABILITY = YES;
				ENABLE_USER_SCRIPT_SANDBOXING = YES;
				GCC_C_LANGUAGE_STANDARD = gnu17;
				GCC_DYNAMIC_NO_PIC = NO;
				GCC_NO_COMMON_BLOCKS = YES;
				GCC_OPTIMIZATION_LEVEL = 0;
				GCC_PREPROCESSOR_DEFINITIONS = (
					"DEBUG=1",
					"$(inherited)",
				);
				GCC_WARN_64_TO_32_BIT_CONVERSION = YES;
				GCC_WARN_ABOUT_RETURN_TYPE = YES_ERROR;
				GCC_WARN_UNDECLARED_SELECTOR = YES;
				GCC_WARN_UNINITIALIZED_AUTOS = YES_AGGRESSIVE;
				GCC_WARN_UNUSED_FUNCTION = YES;
				GCC_WARN_UNUSED_VARIABLE = YES;
				LOCALIZATION_PREFERS_STRING_CATALOGS = YES;
				MACOSX_DEPLOYMENT_TARGET = 14.5;
				MTL_ENABLE_DEBUG_INFO = INCLUDE_SOURCE;
				MTL_FAST_MATH = YES;
				ONLY_ACTIVE_ARCH = YES;
				SDKROOT = macosx;
				SWIFT_ACTIVE_COMPILATION_CONDITIONS = "DEBUG $(inherited)";
				SWIFT_OPTIMIZATION_LEVEL = "-Onone";
				VERSIONING_SYSTEM = "apple-generic";
				VERSION_INFO_PREFIX = "";
			};
			name = Debug;
		};
		5EF2FFEC2C493E2B009CBF40 /* Release */ = {
			isa = XCBuildConfiguration;
			buildSettings = {
				ALWAYS_SEARCH_USER_PATHS = NO;
				ASSETCATALOG_COMPILER_GENERATE_SWIFT_ASSET_SYMBOL_EXTENSIONS = YES;
				CLANG_ANALYZER_NONNULL = YES;
				CLANG_ANALYZER_NUMBER_OBJECT_CONVERSION = YES_AGGRESSIVE;
				CLANG_CXX_LANGUAGE_STANDARD = "gnu++20";
				CLANG_ENABLE_MODULES = YES;
				CLANG_ENABLE_OBJC_ARC = YES;
				CLANG_ENABLE_OBJC_WEAK = YES;
				CLANG_WARN_BLOCK_CAPTURE_AUTORELEASING = YES;
				CLANG_WARN_BOOL_CONVERSION = YES;
				CLANG_WARN_COMMA = YES;
				CLANG_WARN_CONSTANT_CONVERSION = YES;
				CLANG_WARN_DEPRECATED_OBJC_IMPLEMENTATIONS = YES;
				CLANG_WARN_DIRECT_OBJC_ISA_USAGE = YES_ERROR;
				CLANG_WARN_DOCUMENTATION_COMMENTS = YES;
				CLANG_WARN_EMPTY_BODY = YES;
				CLANG_WARN_ENUM_CONVERSION = YES;
				CLANG_WARN_INFINITE_RECURSION = YES;
				CLANG_WARN_INT_CONVERSION = YES;
				CLANG_WARN_NON_LITERAL_NULL_CONVERSION = YES;
				CLANG_WARN_OBJC_IMPLICIT_RETAIN_SELF = YES;
				CLANG_WARN_OBJC_LITERAL_CONVERSION = YES;
				CLANG_WARN_OBJC_ROOT_CLASS = YES_ERROR;
				CLANG_WARN_QUOTED_INCLUDE_IN_FRAMEWORK_HEADER = YES;
				CLANG_WARN_RANGE_LOOP_ANALYSIS = YES;
				CLANG_WARN_STRICT_PROTOTYPES = YES;
				CLANG_WARN_SUSPICIOUS_MOVE = YES;
				CLANG_WARN_UNGUARDED_AVAILABILITY = YES_AGGRESSIVE;
				CLANG_WARN_UNREACHABLE_CODE = YES;
				CLANG_WARN__DUPLICATE_METHOD_MATCH = YES;
				COPY_PHASE_STRIP = NO;
				CURRENT_PROJECT_VERSION = 1;
				DEBUG_INFORMATION_FORMAT = "dwarf-with-dsym";
				ENABLE_NS_ASSERTIONS = NO;
				ENABLE_STRICT_OBJC_MSGSEND = YES;
				ENABLE_USER_SCRIPT_SANDBOXING = YES;
				GCC_C_LANGUAGE_STANDARD = gnu17;
				GCC_NO_COMMON_BLOCKS = YES;
				GCC_WARN_64_TO_32_BIT_CONVERSION = YES;
				GCC_WARN_ABOUT_RETURN_TYPE = YES_ERROR;
				GCC_WARN_UNDECLARED_SELECTOR = YES;
				GCC_WARN_UNINITIALIZED_AUTOS = YES_AGGRESSIVE;
				GCC_WARN_UNUSED_FUNCTION = YES;
				GCC_WARN_UNUSED_VARIABLE = YES;
				LOCALIZATION_PREFERS_STRING_CATALOGS = YES;
				MACOSX_DEPLOYMENT_TARGET = 14.5;
				MTL_ENABLE_DEBUG_INFO = NO;
				MTL_FAST_MATH = YES;
				SDKROOT = macosx;
				SWIFT_COMPILATION_MODE = wholemodule;
				VERSIONING_SYSTEM = "apple-generic";
				VERSION_INFO_PREFIX = "";
			};
			name = Release;
		};
		5EF2FFEE2C493E2B009CBF40 /* Debug */ = {
			isa = XCBuildConfiguration;
			buildSettings = {
				BUILD_LIBRARY_FOR_DISTRIBUTION = YES;
				CLANG_ENABLE_MODULES = YES;
				CODE_SIGN_STYLE = Automatic;
				COMBINE_HIDPI_IMAGES = YES;
				CURRENT_PROJECT_VERSION = 1;
				DEFINES_MODULE = YES;
				DEVELOPMENT_TEAM = 75KSF446RQ;
				DYLIB_COMPATIBILITY_VERSION = 1;
				DYLIB_CURRENT_VERSION = 1;
				DYLIB_INSTALL_NAME_BASE = "@rpath";
				ENABLE_MODULE_VERIFIER = YES;
				GENERATE_INFOPLIST_FILE = YES;
				INFOPLIST_KEY_NSHumanReadableCopyright = "";
				INSTALL_PATH = "$(LOCAL_LIBRARY_DIR)/Frameworks";
				LD_RUNPATH_SEARCH_PATHS = (
					"$(inherited)",
					"@executable_path/../Frameworks",
					"@loader_path/Frameworks",
				);
				MARKETING_VERSION = 1.0;
				MODULE_VERIFIER_SUPPORTED_LANGUAGES = "objective-c objective-c++";
				MODULE_VERIFIER_SUPPORTED_LANGUAGE_STANDARDS = "gnu17 gnu++20";
				PRODUCT_BUNDLE_IDENTIFIER = "com.albert-pangestu.LoremIpsumGenerator";
				PRODUCT_NAME = "$(TARGET_NAME:c99extidentifier)";
				SKIP_INSTALL = YES;
				SWIFT_EMIT_LOC_STRINGS = YES;
				SWIFT_INSTALL_OBJC_HEADER = NO;
				SWIFT_OPTIMIZATION_LEVEL = "-Onone";
				SWIFT_VERSION = 5.0;
			};
			name = Debug;
		};
		5EF2FFEF2C493E2B009CBF40 /* Release */ = {
			isa = XCBuildConfiguration;
			buildSettings = {
				BUILD_LIBRARY_FOR_DISTRIBUTION = YES;
				CLANG_ENABLE_MODULES = YES;
				CODE_SIGN_STYLE = Automatic;
				COMBINE_HIDPI_IMAGES = YES;
				CURRENT_PROJECT_VERSION = 1;
				DEFINES_MODULE = YES;
				DEVELOPMENT_TEAM = 75KSF446RQ;
				DYLIB_COMPATIBILITY_VERSION = 1;
				DYLIB_CURRENT_VERSION = 1;
				DYLIB_INSTALL_NAME_BASE = "@rpath";
				ENABLE_MODULE_VERIFIER = YES;
				GENERATE_INFOPLIST_FILE = YES;
				INFOPLIST_KEY_NSHumanReadableCopyright = "";
				INSTALL_PATH = "$(LOCAL_LIBRARY_DIR)/Frameworks";
				LD_RUNPATH_SEARCH_PATHS = (
					"$(inherited)",
					"@executable_path/../Frameworks",
					"@loader_path/Frameworks",
				);
				MARKETING_VERSION = 1.0;
				MODULE_VERIFIER_SUPPORTED_LANGUAGES = "objective-c objective-c++";
				MODULE_VERIFIER_SUPPORTED_LANGUAGE_STANDARDS = "gnu17 gnu++20";
				PRODUCT_BUNDLE_IDENTIFIER = "com.albert-pangestu.LoremIpsumGenerator";
				PRODUCT_NAME = "$(TARGET_NAME:c99extidentifier)";
				SKIP_INSTALL = YES;
				SWIFT_EMIT_LOC_STRINGS = YES;
				SWIFT_INSTALL_OBJC_HEADER = NO;
				SWIFT_VERSION = 5.0;
			};
			name = Release;
		};
		5EF2FFFC2C493EB8009CBF40 /* Debug */ = {
			isa = XCBuildConfiguration;
			buildSettings = {
				ALWAYS_EMBED_SWIFT_STANDARD_LIBRARIES = YES;
				CLANG_ENABLE_MODULES = YES;
				CODE_SIGN_STYLE = Automatic;
				CURRENT_PROJECT_VERSION = 1;
				DEVELOPMENT_TEAM = 75KSF446RQ;
				GENERATE_INFOPLIST_FILE = YES;
				IPHONEOS_DEPLOYMENT_TARGET = 17.5;
				MACOSX_DEPLOYMENT_TARGET = 14.5;
				MARKETING_VERSION = 1.0;
				PRODUCT_BUNDLE_IDENTIFIER = "com.albert-pangestu.LoremIpsumGeneratorTests";
				PRODUCT_NAME = "$(TARGET_NAME)";
				SDKROOT = auto;
				SUPPORTED_PLATFORMS = "iphoneos iphonesimulator macosx";
				SWIFT_EMIT_LOC_STRINGS = NO;
				SWIFT_OPTIMIZATION_LEVEL = "-Onone";
				SWIFT_VERSION = 5.0;
				TARGETED_DEVICE_FAMILY = "1,2";
			};
			name = Debug;
		};
		5EF2FFFD2C493EB8009CBF40 /* Release */ = {
			isa = XCBuildConfiguration;
			buildSettings = {
				ALWAYS_EMBED_SWIFT_STANDARD_LIBRARIES = YES;
				CLANG_ENABLE_MODULES = YES;
				CODE_SIGN_STYLE = Automatic;
				CURRENT_PROJECT_VERSION = 1;
				DEVELOPMENT_TEAM = 75KSF446RQ;
				GENERATE_INFOPLIST_FILE = YES;
				IPHONEOS_DEPLOYMENT_TARGET = 17.5;
				MACOSX_DEPLOYMENT_TARGET = 14.5;
				MARKETING_VERSION = 1.0;
				PRODUCT_BUNDLE_IDENTIFIER = "com.albert-pangestu.LoremIpsumGeneratorTests";
				PRODUCT_NAME = "$(TARGET_NAME)";
				SDKROOT = auto;
				SUPPORTED_PLATFORMS = "iphoneos iphonesimulator macosx";
				SWIFT_EMIT_LOC_STRINGS = NO;
				SWIFT_VERSION = 5.0;
				TARGETED_DEVICE_FAMILY = "1,2";
			};
			name = Release;
		};
/* End XCBuildConfiguration section */

/* Begin XCConfigurationList section */
		5EF2FFE02C493E2B009CBF40 /* Build configuration list for PBXProject "LoremIpsumGenerator" */ = {
			isa = XCConfigurationList;
			buildConfigurations = (
				5EF2FFEB2C493E2B009CBF40 /* Debug */,
				5EF2FFEC2C493E2B009CBF40 /* Release */,
			);
			defaultConfigurationIsVisible = 0;
			defaultConfigurationName = Release;
		};
		5EF2FFED2C493E2B009CBF40 /* Build configuration list for PBXNativeTarget "LoremIpsumGenerator" */ = {
			isa = XCConfigurationList;
			buildConfigurations = (
				5EF2FFEE2C493E2B009CBF40 /* Debug */,
				5EF2FFEF2C493E2B009CBF40 /* Release */,
			);
			defaultConfigurationIsVisible = 0;
			defaultConfigurationName = Release;
		};
		5EF2FFFB2C493EB8009CBF40 /* Build configuration list for PBXNativeTarget "LoremIpsumGeneratorTests" */ = {
			isa = XCConfigurationList;
			buildConfigurations = (
				5EF2FFFC2C493EB8009CBF40 /* Debug */,
				5EF2FFFD2C493EB8009CBF40 /* Release */,
			);
			defaultConfigurationIsVisible = 0;
			defaultConfigurationName = Release;
		};
/* End XCConfigurationList section */
	};
	rootObject = 5EF2FFDD2C493E2B009CBF40 /* Project object */;
}
